
Microsoft Visual Studio Solution File, Format Version 12.00
# Visual Studio 2012
Project("{8BC9CEB8-8B4A-11D0-8D11-00A0C91BC942}") = "PointCloudAlgorithm", "PointCloudAlgorithm\PointCloudAlgorithm.vcxproj", "{61AC63B8-56D2-4765-8325-5860AE7D14E1}"
EndProject
Global
	GlobalSection(SolutionConfigurationPlatforms) = preSolution
		Debug|Win32 = Debug|Win32
		Release|Win32 = Release|Win32
	EndGlobalSection
	GlobalSection(ProjectConfigurationPlatforms) = postSolution
		{61AC63B8-56D2-4765-8325-5860AE7D14E1}.Debug|Win32.ActiveCfg = Debug|Win32
		{61AC63B8-56D2-4765-8325-5860AE7D14E1}.Debug|Win32.Build.0 = Debug|Win32
		{61AC63B8-56D2-4765-8325-5860AE7D14E1}.Release|Win32.ActiveCfg = Release|Win32
		{61AC63B8-56D2-4765-8325-5860AE7D14E1}.Release|Win32.Build.0 = Release|Win32
	EndGlobalSection
	GlobalSection(SolutionProperties) = preSolution
		HideSolutionNode = FALSE
	EndGlobalSection
EndGlobal
